// !$*UTF8*$!
{
	archiveVersion = 1;
	classes = {
	};
	objectVersion = 77;
	objects = {

/* Begin PBXContainerItemProxy section */
		1FBF33AC2F969982001AD0BD /* PBXContainerItemProxy */ = {
			isa = PBXContainerItemProxy;
			containerPortal = 1FBF33932F969982001AD0BD /* Project object */;
			proxyType = 1;
			remoteGlobalIDString = 1FBF339A2F969982001AD0BD;
			remoteInfo = xestohandtest;
		};
		1FBF33B62F969982001AD0BD /* PBXContainerItemProxy */ = {
			isa = PBXContainerItemProxy;
			containerPortal = 1FBF33932F969982001AD0BD /* Project object */;
			proxyType = 1;
			remoteGlobalIDString = 1FBF339A2F969982001AD0BD;
			remoteInfo = xestohandtest;
		};
/* End PBXContainerItemProxy section */

/* Begin PBXFileReference section */
		1FBF339B2F969982001AD0BD /* xestohandtest.app */ = {isa = PBXFileReference; explicitFileType = wrapper.application; includeInIndex = 0; path = xestohandtest.app; sourceTree = BUILT_PRODUCTS_DIR; };
		1FBF33AB2F969982001AD0BD /* xestohandtestTests.xctest */ = {isa = PBXFileReference; explicitFileType = wrapper.cfbundle; includeInIndex = 0; path = xestohandtestTests.xctest; sourceTree = BUILT_PRODUCTS_DIR; };
		1FBF33B52F969982001AD0BD /* xestohandtestUITests.xctest */ = {isa = PBXFileReference; explicitFileType = wrapper.cfbundle; includeInIndex = 0; path = xestohandtestUITests.xctest; sourceTree = BUILT_PRODUCTS_DIR; };
/* End PBXFileReference section */

/* Begin PBXFileSystemSynchronizedRootGroup section */
		1FBF339D2F969982001AD0BD /* xestohandtest */ = {
			isa = PBXFileSystemSynchronizedRootGroup;
			path = xestohandtest;
			sourceTree = "<group>";
		};
		1FBF33AE2F969982001AD0BD /* xestohandtestTests */ = {
			isa = PBXFileSystemSynchronizedRootGroup;
			path = xestohandtestTests;
			sourceTree = "<group>";
		};
		1FBF33B82F969982001AD0BD /* xestohandtestUITests */ = {
			isa = PBXFileSystemSynchronizedRootGroup;
			path = xestohandtestUITests;
			sourceTree = "<group>";
		};
/* End PBXFileSystemSynchronizedRootGroup section */

/* Begin PBXFrameworksBuildPhase section */
		1FBF33982F969982001AD0BD /* Frameworks */ = {
			isa = PBXFrameworksBuildPhase;
			buildActionMask = 2147483647;
			files = (
			);
			runOnlyForDeploymentPostprocessing = 0;
		};
		1FBF33A82F969982001AD0BD /* Frameworks */ = {
			isa = PBXFrameworksBuildPhase;
			buildActionMask = 2147483647;
			files = (
			);
			runOnlyForDeploymentPostprocessing = 0;
		};
		1FBF33B22F969982001AD0BD /* Frameworks */ = {
			isa = PBXFrameworksBuildPhase;
			buildActionMask = 2147483647;
			files = (
			);
			runOnlyForDeploymentPostprocessing = 0;
		};
/* End PBXFrameworksBuildPhase section */

/* Begin PBXGroup section */
		1FBF33922F969982001AD0BD = {
			isa = PBXGroup;
			children = (
				1FBF339D2F969982001AD0BD /* xestohandtest */,
				1FBF33AE2F969982001AD0BD /* xestohandtestTests */,
				1FBF33B82F969982001AD0BD /* xestohandtestUITests */,
				1FBF339C2F969982001AD0BD /* Products */,
			);
			sourceTree = "<group>";
		};
		1FBF339C2F969982001AD0BD /* Products */ = {
			isa = PBXGroup;
			children = (
				1FBF339B2F969982001AD0BD /* xestohandtest.app */,
				1FBF33AB2F969982001AD0BD /* xestohandtestTests.xctest */,
				1FBF33B52F969982001AD0BD /* xestohandtestUITests.xctest */,
			);
			name = Products;
			sourceTree = "<group>";
		};
/* End PBXGroup section */

/* Begin PBXNativeTarget section */
		1FBF339A2F969982001AD0BD /* xestohandtest */ = {
			isa = PBXNativeTarget;
			buildConfigurationList = 1FBF33BF2F969982001AD0BD /* Build configuration list for PBXNativeTarget "xestohandtest" */;
			buildPhases = (
				1FBF33972F969982001AD0BD /* Sources */,
				1FBF33982F969982001AD0BD /* Frameworks */,
				1FBF33992F969982001AD0BD /* Resources */,
			);
			buildRules = (
			);
			dependencies = (
			);
			fileSystemSynchronizedGroups = (
				1FBF339D2F969982001AD0BD /* xestohandtest */,
			);
			name = xestohandtest;
			packageProductDependencies = (
			);
			productName = xestohandtest;
			productReference = 1FBF339B2F969982001AD0BD /* xestohandtest.app */;
			productType = "com.apple.product-type.application";
		};
		1FBF33AA2F969982001AD0BD /* xestohandtestTests */ = {
			isa = PBXNativeTarget;
			buildConfigurationList = 1FBF33C22F969982001AD0BD /* Build configuration list for PBXNativeTarget "xestohandtestTests" */;
			buildPhases = (
				1FBF33A72F969982001AD0BD /* Sources */,
				1FBF33A82F969982001AD0BD /* Frameworks */,
				1FBF33A92F969982001AD0BD /* Resources */,
			);
			buildRules = (
			);
			dependencies = (
				1FBF33AD2F969982001AD0BD /* PBXTargetDependency */,
			);
			fileSystemSynchronizedGroups = (
				1FBF33AE2F969982001AD0BD /* xestohandtestTests */,
			);
			name = xestohandtestTests;
			packageProductDependencies = (
			);
			productName = xestohandtestTests;
			productReference = 1FBF33AB2F969982001AD0BD /* xestohandtestTests.xctest */;
			productType = "com.apple.product-type.bundle.unit-test";
		};
		1FBF33B42F969982001AD0BD /* xestohandtestUITests */ = {
			isa = PBXNativeTarget;
			buildConfigurationList = 1FBF33C52F969982001AD0BD /* Build configuration list for PBXNativeTarget "xestohandtestUITests" */;
			buildPhases = (
				1FBF33B12F969982001AD0BD /* Sources */,
				1FBF33B22F969982001AD0BD /* Frameworks */,
				1FBF33B32F969982001AD0BD /* Resources */,
			);
			buildRules = (
			);
			dependencies = (
				1FBF33B72F969982001AD0BD /* PBXTargetDependency */,
			);
			fileSystemSynchronizedGroups = (
				1FBF33B82F969982001AD0BD /* xestohandtestUITests */,
			);
			name = xestohandtestUITests;
			packageProductDependencies = (
			);
			productName = xestohandtestUITests;
			productReference = 1FBF33B52F969982001AD0BD /* xestohandtestUITests.xctest */;
			productType = "com.apple.product-type.bundle.ui-testing";
		};
/* End PBXNativeTarget section */

/* Begin PBXProject section */
		1FBF33932F969982001AD0BD /* Project object */ = {
			isa = PBXProject;
			attributes = {
				BuildIndependentTargetsInParallel = 1;
				LastSwiftUpdateCheck = 1620;
				LastUpgradeCheck = 1620;
				TargetAttributes = {
					1FBF339A2F969982001AD0BD = {
						CreatedOnToolsVersion = 16.2;
					};
					1FBF33AA2F969982001AD0BD = {
						CreatedOnToolsVersion = 16.2;
						TestTargetID = 1FBF339A2F969982001AD0BD;
					};
					1FBF33B42F969982001AD0BD = {
						CreatedOnToolsVersion = 16.2;
						TestTargetID = 1FBF339A2F969982001AD0BD;
					};
				};
			};
			buildConfigurationList = 1FBF33962F969982001AD0BD /* Build configuration list for PBXProject "xestohandtest" */;
			developmentRegion = en;
			hasScannedForEncodings = 0;
			knownRegions = (
				en,
				Base,
			);
			mainGroup = 1FBF33922F969982001AD0BD;
			minimizedProjectReferenceProxies = 1;
			preferredProjectObjectVersion = 77;
			productRefGroup = 1FBF339C2F969982001AD0BD /* Products */;
			projectDirPath = "";
			projectRoot = "";
			targets = (
				1FBF339A2F969982001AD0BD /* xestohandtest */,
				1FBF33AA2F969982001AD0BD /* xestohandtestTests */,
				1FBF33B42F969982001AD0BD /* xestohandtestUITests */,
			);
		};
/* End PBXProject section */

/* Begin PBXResourcesBuildPhase section */
		1FBF33992F969982001AD0BD /* Resources */ = {
			isa = PBXResourcesBuildPhase;
			buildActionMask = 2147483647;
			files = (
			);
			runOnlyForDeploymentPostprocessing = 0;
		};
		1FBF33A92F969982001AD0BD /* Resources */ = {
			isa = PBXResourcesBuildPhase;
			buildActionMask = 2147483647;
			files = (
			);
			runOnlyForDeploymentPostprocessing = 0;
		};
		1FBF33B32F969982001AD0BD /* Resources */ = {
			isa = PBXResourcesBuildPhase;
			buildActionMask = 2147483647;
			files = (
			);
			runOnlyForDeploymentPostprocessing = 0;
		};
/* End PBXResourcesBuildPhase section */

/* Begin PBXSourcesBuildPhase section */
		1FBF33972F969982001AD0BD /* Sources */ = {
			isa = PBXSourcesBuildPhase;
			buildActionMask = 2147483647;
			files = (
			);
			runOnlyForDeploymentPostprocessing = 0;
		};
		1FBF33A72F969982001AD0BD /* Sources */ = {
			isa = PBXSourcesBuildPhase;
			buildActionMask = 2147483647;
			files = (
			);
			runOnlyForDeploymentPostprocessing = 0;
		};
		1FBF33B12F969982001AD0BD /* Sources */ = {
			isa = PBXSourcesBuildPhase;
			buildActionMask = 2147483647;
			files = (
			);
			runOnlyForDeploymentPostprocessing = 0;
		};
/* End PBXSourcesBuildPhase section */

/* Begin PBXTargetDependency section */
		1FBF33AD2F969982001AD0BD /* PBXTargetDependency */ = {
			isa = PBXTargetDependency;
			target = 1FBF339A2F969982001AD0BD /* xestohandtest */;
			targetProxy = 1FBF33AC2F969982001AD0BD /* PBXContainerItemProxy */;
		};
		1FBF33B72F969982001AD0BD /* PBXTargetDependency */ = {
			isa = PBXTargetDependency;
			target = 1FBF339A2F969982001AD0BD /* xestohandtest */;
			targetProxy = 1FBF33B62F969982001AD0BD /* PBXContainerItemProxy */;
		};
/* End PBXTargetDependency section */

/* Begin XCBuildConfiguration section */
		1FBF33BD2F969982001AD0BD /* Debug */ = {
			isa = XCBuildConfiguration;
			buildSettings = {
				ALWAYS_SEARCH_USER_PATHS = NO;
				ASSETCATALOG_COMPILER_GENERATE_SWIFT_ASSET_SYMBOL_EXTENSIONS = YES;
				CLANG_ANALYZER_NONNULL = YES;
				CLANG_ANALYZER_NUMBER_OBJECT_CONVERSION = YES_AGGRESSIVE;
				CLANG_CXX_LANGUAGE_STANDARD = "gnu++20";
				CLANG_ENABLE_MODULES = YES;
				CLANG_ENABLE_OBJC_ARC = YES;
				CLANG_ENABLE_OBJC_WEAK = YES;
				CLANG_WARN_BLOCK_CAPTURE_AUTORELEASING = YES;
				CLANG_WARN_BOOL_CONVERSION = YES;
				CLANG_WARN_COMMA = YES;
				CLANG_WARN_CONSTANT_CONVERSION = YES;
				CLANG_WARN_DEPRECATED_OBJC_IMPLEMENTATIONS = YES;
				CLANG_WARN_DIRECT_OBJC_ISA_USAGE = YES_ERROR;
				CLANG_WARN_DOCUMENTATION_COMMENTS = YES;
				CLANG_WARN_EMPTY_BODY = YES;
				CLANG_WARN_ENUM_CONVERSION = YES;
				CLANG_WARN_INFINITE_RECURSION = YES;
				CLANG_WARN_INT_CONVERSION = YES;
				CLANG_WARN_NON_LITERAL_NULL_CONVERSION = YES;
				CLANG_WARN_OBJC_IMPLICIT_RETAIN_SELF = YES;
				CLANG_WARN_OBJC_LITERAL_CONVERSION = YES;
				CLANG_WARN_OBJC_ROOT_CLASS = YES_ERROR;
				CLANG_WARN_QUOTED_INCLUDE_IN_FRAMEWORK_HEADER = YES;
				CLANG_WARN_RANGE_LOOP_ANALYSIS = YES;
				CLANG_WARN_STRICT_PROTOTYPES = YES;
				CLANG_WARN_SUSPICIOUS_MOVE = YES;
				CLANG_WARN_UNGUARDED_AVAILABILITY = YES_AGGRESSIVE;
				CLANG_WARN_UNREACHABLE_CODE = YES;
				CLANG_WARN__DUPLICATE_METHOD_MATCH = YES;
				COPY_PHASE_STRIP = NO;
				DEBUG_INFORMATION_FORMAT = dwarf;
				ENABLE_STRICT_OBJC_MSGSEND = YES;
				ENABLE_TESTABILITY = YES;
				ENABLE_USER_SCRIPT_SANDBOXING = YES;
				GCC_C_LANGUAGE_STANDARD = gnu17;
				GCC_DYNAMIC_NO_PIC = NO;
				GCC_NO_COMMON_BLOCKS = YES;
				GCC_OPTIMIZATION_LEVEL = 0;
				GCC_PREPROCESSOR_DEFINITIONS = (
					"DEBUG=1",
					"$(inherited)",
				);
				GCC_WARN_64_TO_32_BIT_CONVERSION = YES;
				GCC_WARN_ABOUT_RETURN_TYPE = YES_ERROR;
				GCC_WARN_UNDECLARED_SELECTOR = YES;
				GCC_WARN_UNINITIALIZED_AUTOS = YES_AGGRESSIVE;
				GCC_WARN_UNUSED_FUNCTION = YES;
				GCC_WARN_UNUSED_VARIABLE = YES;
				IPHONEOS_DEPLOYMENT_TARGET = 18.2;
				LOCALIZATION_PREFERS_STRING_CATALOGS = YES;
				MTL_ENABLE_DEBUG_INFO = INCLUDE_SOURCE;
				MTL_FAST_MATH = YES;
				ONLY_ACTIVE_ARCH = YES;
				SDKROOT = iphoneos;
				SWIFT_ACTIVE_COMPILATION_CONDITIONS = "DEBUG $(inherited)";
				SWIFT_OPTIMIZATION_LEVEL = "-Onone";
			};
			name = Debug;
		};
		1FBF33BE2F969982001AD0BD /* Release */ = {
			isa = XCBuildConfiguration;
			buildSettings = {
				ALWAYS_SEARCH_USER_PATHS = NO;
				ASSETCATALOG_COMPILER_GENERATE_SWIFT_ASSET_SYMBOL_EXTENSIONS = YES;
				CLANG_ANALYZER_NONNULL = YES;
				CLANG_ANALYZER_NUMBER_OBJECT_CONVERSION = YES_AGGRESSIVE;
				CLANG_CXX_LANGUAGE_STANDARD = "gnu++20";
				CLANG_ENABLE_MODULES = YES;
				CLANG_ENABLE_OBJC_ARC = YES;
				CLANG_ENABLE_OBJC_WEAK = YES;
				CLANG_WARN_BLOCK_CAPTURE_AUTORELEASING = YES;
				CLANG_WARN_BOOL_CONVERSION = YES;
				CLANG_WARN_COMMA = YES;
				CLANG_WARN_CONSTANT_CONVERSION = YES;
				CLANG_WARN_DEPRECATED_OBJC_IMPLEMENTATIONS = YES;
				CLANG_WARN_DIRECT_OBJC_ISA_USAGE = YES_ERROR;
				CLANG_WARN_DOCUMENTATION_COMMENTS = YES;
				CLANG_WARN_EMPTY_BODY = YES;
				CLANG_WARN_ENUM_CONVERSION = YES;
				CLANG_WARN_INFINITE_RECURSION = YES;
				CLANG_WARN_INT_CONVERSION = YES;
				CLANG_WARN_NON_LITERAL_NULL_CONVERSION = YES;
				CLANG_WARN_OBJC_IMPLICIT_RETAIN_SELF = YES;
				CLANG_WARN_OBJC_LITERAL_CONVERSION = YES;
				CLANG_WARN_OBJC_ROOT_CLASS = YES_ERROR;
				CLANG_WARN_QUOTED_INCLUDE_IN_FRAMEWORK_HEADER = YES;
				CLANG_WARN_RANGE_LOOP_ANALYSIS = YES;
				CLANG_WARN_STRICT_PROTOTYPES = YES;
				CLANG_WARN_SUSPICIOUS_MOVE = YES;
				CLANG_WARN_UNGUARDED_AVAILABILITY = YES_AGGRESSIVE;
				CLANG_WARN_UNREACHABLE_CODE = YES;
				CLANG_WARN__DUPLICATE_METHOD_MATCH = YES;
				COPY_PHASE_STRIP = NO;
				DEBUG_INFORMATION_FORMAT = "dwarf-with-dsym";
				ENABLE_NS_ASSERTIONS = NO;
				ENABLE_STRICT_OBJC_MSGSEND = YES;
				ENABLE_USER_SCRIPT_SANDBOXING = YES;
				GCC_C_LANGUAGE_STANDARD = gnu17;
				GCC_NO_COMMON_BLOCKS = YES;
				GCC_WARN_64_TO_32_BIT_CONVERSION = YES;
				GCC_WARN_ABOUT_RETURN_TYPE = YES_ERROR;
				GCC_WARN_UNDECLARED_SELECTOR = YES;
				GCC_WARN_UNINITIALIZED_AUTOS = YES_AGGRESSIVE;
				GCC_WARN_UNUSED_FUNCTION = YES;
				GCC_WARN_UNUSED_VARIABLE = YES;
				IPHONEOS_DEPLOYMENT_TARGET = 18.2;
				LOCALIZATION_PREFERS_STRING_CATALOGS = YES;
				MTL_ENABLE_DEBUG_INFO = NO;
				MTL_FAST_MATH = YES;
				SDKROOT = iphoneos;
				SWIFT_COMPILATION_MODE = wholemodule;
				VALIDATE_PRODUCT = YES;
			};
			name = Release;
		};
		1FBF33C02F969982001AD0BD /* Debug */ = {
			isa = XCBuildConfiguration;
			buildSettings = {
				ASSETCATALOG_COMPILER_APPICON_NAME = AppIcon;
				ASSETCATALOG_COMPILER_GLOBAL_ACCENT_COLOR_NAME = AccentColor;
				CODE_SIGN_STYLE = Automatic;
				CURRENT_PROJECT_VERSION = 1;
				DEVELOPMENT_ASSET_PATHS = "\"xestohandtest/Preview Content\"";
				DEVELOPMENT_TEAM = C77ZYR7QZ2;
				ENABLE_PREVIEWS = YES;
				GENERATE_INFOPLIST_FILE = YES;
				INFOPLIST_KEY_UIApplicationSceneManifest_Generation = YES;
				INFOPLIST_KEY_UIApplicationSupportsIndirectInputEvents = YES;
				INFOPLIST_KEY_UILaunchScreen_Generation = YES;
				INFOPLIST_KEY_UISupportedInterfaceOrientations_iPad = "UIInterfaceOrientationPortrait UIInterfaceOrientationPortraitUpsideDown UIInterfaceOrientationLandscapeLeft UIInterfaceOrientationLandscapeRight";
				INFOPLIST_KEY_UISupportedInterfaceOrientations_iPhone = "UIInterfaceOrientationPortrait UIInterfaceOrientationLandscapeLeft UIInterfaceOrientationLandscapeRight";
				LD_RUNPATH_SEARCH_PATHS = (
					"$(inherited)",
					"@executable_path/Frameworks",
				);
				MARKETING_VERSION = 1.0;
				PRODUCT_BUNDLE_IDENTIFIER = com.xesto.xestohandtest;
				PRODUCT_NAME = "$(TARGET_NAME)";
				SWIFT_EMIT_LOC_STRINGS = YES;
				SWIFT_VERSION = 5.0;
				TARGETED_DEVICE_FAMILY = "1,2";
			};
			name = Debug;
		};
		1FBF33C12F969982001AD0BD /* Release */ = {
			isa = XCBuildConfiguration;
			buildSettings = {
				ASSETCATALOG_COMPILER_APPICON_NAME = AppIcon;
				ASSETCATALOG_COMPILER_GLOBAL_ACCENT_COLOR_NAME = AccentColor;
				CODE_SIGN_STYLE = Automatic;
				CURRENT_PROJECT_VERSION = 1;
				DEVELOPMENT_ASSET_PATHS = "\"xestohandtest/Preview Content\"";
				DEVELOPMENT_TEAM = C77ZYR7QZ2;
				ENABLE_PREVIEWS = YES;
				GENERATE_INFOPLIST_FILE = YES;
				INFOPLIST_KEY_UIApplicationSceneManifest_Generation = YES;
				INFOPLIST_KEY_UIApplicationSupportsIndirectInputEvents = YES;
				INFOPLIST_KEY_UILaunchScreen_Generation = YES;
				INFOPLIST_KEY_UISupportedInterfaceOrientations_iPad = "UIInterfaceOrientationPortrait UIInterfaceOrientationPortraitUpsideDown UIInterfaceOrientationLandscapeLeft UIInterfaceOrientationLandscapeRight";
				INFOPLIST_KEY_UISupportedInterfaceOrientations_iPhone = "UIInterfaceOrientationPortrait UIInterfaceOrientationLandscapeLeft UIInterfaceOrientationLandscapeRight";
				LD_RUNPATH_SEARCH_PATHS = (
					"$(inherited)",
					"@executable_path/Frameworks",
				);
				MARKETING_VERSION = 1.0;
				PRODUCT_BUNDLE_IDENTIFIER = com.xesto.xestohandtest;
				PRODUCT_NAME = "$(TARGET_NAME)";
				SWIFT_EMIT_LOC_STRINGS = YES;
				SWIFT_VERSION = 5.0;
				TARGETED_DEVICE_FAMILY = "1,2";
			};
			name = Release;
		};
		1FBF33C32F969982001AD0BD /* Debug */ = {
			isa = XCBuildConfiguration;
			buildSettings = {
				BUNDLE_LOADER = "$(TEST_HOST)";
				CODE_SIGN_STYLE = Automatic;
				CURRENT_PROJECT_VERSION = 1;
				DEVELOPMENT_TEAM = C77ZYR7QZ2;
				GENERATE_INFOPLIST_FILE = YES;
				IPHONEOS_DEPLOYMENT_TARGET = 18.2;
				MARKETING_VERSION = 1.0;
				PRODUCT_BUNDLE_IDENTIFIER = com.xesto.xestohandtestTests;
				PRODUCT_NAME = "$(TARGET_NAME)";
				SWIFT_EMIT_LOC_STRINGS = NO;
				SWIFT_VERSION = 5.0;
				TARGETED_DEVICE_FAMILY = "1,2";
				TEST_HOST = "$(BUILT_PRODUCTS_DIR)/xestohandtest.app/$(BUNDLE_EXECUTABLE_FOLDER_PATH)/xestohandtest";
			};
			name = Debug;
		};
		1FBF33C42F969982001AD0BD /* Release */ = {
			isa = XCBuildConfiguration;
			buildSettings = {
				BUNDLE_LOADER = "$(TEST_HOST)";
				CODE_SIGN_STYLE = Automatic;
				CURRENT_PROJECT_VERSION = 1;
				DEVELOPMENT_TEAM = C77ZYR7QZ2;
				GENERATE_INFOPLIST_FILE = YES;
				IPHONEOS_DEPLOYMENT_TARGET = 18.2;
				MARKETING_VERSION = 1.0;
				PRODUCT_BUNDLE_IDENTIFIER = com.xesto.xestohandtestTests;
				PRODUCT_NAME = "$(TARGET_NAME)";
				SWIFT_EMIT_LOC_STRINGS = NO;
				SWIFT_VERSION = 5.0;
				TARGETED_DEVICE_FAMILY = "1,2";
				TEST_HOST = "$(BUILT_PRODUCTS_DIR)/xestohandtest.app/$(BUNDLE_EXECUTABLE_FOLDER_PATH)/xestohandtest";
			};
			name = Release;
		};
		1FBF33C62F969982001AD0BD /* Debug */ = {
			isa = XCBuildConfiguration;
			buildSettings = {
				CODE_SIGN_STYLE = Automatic;
				CURRENT_PROJECT_VERSION = 1;
				DEVELOPMENT_TEAM = C77ZYR7QZ2;
				GENERATE_INFOPLIST_FILE = YES;
				MARKETING_VERSION = 1.0;
				PRODUCT_BUNDLE_IDENTIFIER = com.xesto.xestohandtestUITests;
				PRODUCT_NAME = "$(TARGET_NAME)";
				SWIFT_EMIT_LOC_STRINGS = NO;
				SWIFT_VERSION = 5.0;
				TARGETED_DEVICE_FAMILY = "1,2";
				TEST_TARGET_NAME = xestohandtest;
			};
			name = Debug;
		};
		1FBF33C72F969982001AD0BD /* Release */ = {
			isa = XCBuildConfiguration;
			buildSettings = {
				CODE_SIGN_STYLE = Automatic;
				CURRENT_PROJECT_VERSION = 1;
				DEVELOPMENT_TEAM = C77ZYR7QZ2;
				GENERATE_INFOPLIST_FILE = YES;
				MARKETING_VERSION = 1.0;
				PRODUCT_BUNDLE_IDENTIFIER = com.xesto.xestohandtestUITests;
				PRODUCT_NAME = "$(TARGET_NAME)";
				SWIFT_EMIT_LOC_STRINGS = NO;
				SWIFT_VERSION = 5.0;
				TARGETED_DEVICE_FAMILY = "1,2";
				TEST_TARGET_NAME = xestohandtest;
			};
			name = Release;
		};
/* End XCBuildConfiguration section */

/* Begin XCConfigurationList section */
		1FBF33962F969982001AD0BD /* Build configuration list for PBXProject "xestohandtest" */ = {
			isa = XCConfigurationList;
			buildConfigurations = (
				1FBF33BD2F969982001AD0BD /* Debug */,
				1FBF33BE2F969982001AD0BD /* Release */,
			);
			defaultConfigurationIsVisible = 0;
			defaultConfigurationName = Release;
		};
		1FBF33BF2F969982001AD0BD /* Build configuration list for PBXNativeTarget "xestohandtest" */ = {
			isa = XCConfigurationList;
			buildConfigurations = (
				1FBF33C02F969982001AD0BD /* Debug */,
				1FBF33C12F969982001AD0BD /* Release */,
			);
			defaultConfigurationIsVisible = 0;
			defaultConfigurationName = Release;
		};
		1FBF33C22F969982001AD0BD /* Build configuration list for PBXNativeTarget "xestohandtestTests" */ = {
			isa = XCConfigurationList;
			buildConfigurations = (
				1FBF33C32F969982001AD0BD /* Debug */,
				1FBF33C42F969982001AD0BD /* Release */,
			);
			defaultConfigurationIsVisible = 0;
			defaultConfigurationName = Release;
		};
		1FBF33C52F969982001AD0BD /* Build configuration list for PBXNativeTarget "xestohandtestUITests" */ = {
			isa = XCConfigurationList;
			buildConfigurations = (
				1FBF33C62F969982001AD0BD /* Debug */,
				1FBF33C72F969982001AD0BD /* Release */,
			);
			defaultConfigurationIsVisible = 0;
			defaultConfigurationName = Release;
		};
/* End XCConfigurationList section */
	};
	rootObject = 1FBF33932F969982001AD0BD /* Project object */;
}
